// !$*UTF8*$!
{
	archiveVersion = 1;
	classes = {
	};
	objectVersion = 46;
	objects = {

/* Begin PBXBuildFile section */
		8C0BAF591DF3544F0074BD9E /* MainGuideViewController.swift in Sources */ = {isa = PBXBuildFile; fileRef = 8C0BAF581DF3544F0074BD9E /* MainGuideViewController.swift */; };
		8C0BAF6B1DF36CD70074BD9E /* CollapsibleTableViewController.swift in Sources */ = {isa = PBXBuildFile; fileRef = 8C0BAF6A1DF36CD70074BD9E /* CollapsibleTableViewController.swift */; };
		8C0BAF6D1DF36CF30074BD9E /* CollapsibleTableViewHeader.swift in Sources */ = {isa = PBXBuildFile; fileRef = 8C0BAF6C1DF36CF30074BD9E /* CollapsibleTableViewHeader.swift */; };
		8CE339361DFA4F4A0052B052 /* GuideText.swift in Sources */ = {isa = PBXBuildFile; fileRef = 8CE339351DFA4F4A0052B052 /* GuideText.swift */; };
		8CEC8B451DC3FCC500FB1924 /* AppDelegate.swift in Sources */ = {isa = PBXBuildFile; fileRef = 8CEC8B441DC3FCC500FB1924 /* AppDelegate.swift */; };
		8CEC8B4C1DC3FCC500FB1924 /* Assets.xcassets in Resources */ = {isa = PBXBuildFile; fileRef = 8CEC8B4B1DC3FCC500FB1924 /* Assets.xcassets */; };
		8CEC8B4F1DC3FCC500FB1924 /* LaunchScreen.storyboard in Resources */ = {isa = PBXBuildFile; fileRef = 8CEC8B4D1DC3FCC500FB1924 /* LaunchScreen.storyboard */; };
		8CEC8B5A1DC3FCC500FB1924 /* ResCUerTests.swift in Sources */ = {isa = PBXBuildFile; fileRef = 8CEC8B591DC3FCC500FB1924 /* ResCUerTests.swift */; };
		8CEC8B651DC3FCC500FB1924 /* ResCUerUITests.swift in Sources */ = {isa = PBXBuildFile; fileRef = 8CEC8B641DC3FCC500FB1924 /* ResCUerUITests.swift */; };
		BF028F841DCC3BAA00361837 /* MainTableViewController.swift in Sources */ = {isa = PBXBuildFile; fileRef = BF028F831DCC3BAA00361837 /* MainTableViewController.swift */; };
		BF028F861DCC3C3E00361837 /* MainTableViewCell.swift in Sources */ = {isa = PBXBuildFile; fileRef = BF028F851DCC3C3E00361837 /* MainTableViewCell.swift */; };
		BF591BE91DD60C6E004B5E6B /* SettingsTableViewController.swift in Sources */ = {isa = PBXBuildFile; fileRef = BF591BE81DD60C6E004B5E6B /* SettingsTableViewController.swift */; };
		BF591BED1DD6284B004B5E6B /* EditTableViewCell.swift in Sources */ = {isa = PBXBuildFile; fileRef = BF591BEC1DD6284B004B5E6B /* EditTableViewCell.swift */; };
		BF591BEF1DD62D98004B5E6B /* EditTableViewController.swift in Sources */ = {isa = PBXBuildFile; fileRef = BF591BEE1DD62D98004B5E6B /* EditTableViewController.swift */; };
		BFBEC12D1DD6A73D003F67A8 /* NotificationCenter.framework in Frameworks */ = {isa = PBXBuildFile; fileRef = BFBEC12C1DD6A73D003F67A8 /* NotificationCenter.framework */; };
		BFBEC1301DD6A73D003F67A8 /* TodayViewController.swift in Sources */ = {isa = PBXBuildFile; fileRef = BFBEC12F1DD6A73D003F67A8 /* TodayViewController.swift */; };
		BFBEC1331DD6A73D003F67A8 /* MainInterface.storyboard in Resources */ = {isa = PBXBuildFile; fileRef = BFBEC1311DD6A73D003F67A8 /* MainInterface.storyboard */; };
		BFBEC1371DD6A73D003F67A8 /* Rescuer Today Extension.appex in Embed App Extensions */ = {isa = PBXBuildFile; fileRef = BFBEC12A1DD6A73D003F67A8 /* Rescuer Today Extension.appex */; settings = {ATTRIBUTES = (RemoveHeadersOnCopy, ); }; };
		BFBEC13D1DD6A909003F67A8 /* TodayViewCollectionCell.swift in Sources */ = {isa = PBXBuildFile; fileRef = BFBEC13C1DD6A909003F67A8 /* TodayViewCollectionCell.swift */; };
/* End PBXBuildFile section */

/* Begin PBXContainerItemProxy section */
		8CEC8B561DC3FCC500FB1924 /* PBXContainerItemProxy */ = {
			isa = PBXContainerItemProxy;
			containerPortal = 8CEC8B391DC3FCC500FB1924 /* Project object */;
			proxyType = 1;
			remoteGlobalIDString = 8CEC8B401DC3FCC500FB1924;
			remoteInfo = ResCUer;
		};
		8CEC8B611DC3FCC500FB1924 /* PBXContainerItemProxy */ = {
			isa = PBXContainerItemProxy;
			containerPortal = 8CEC8B391DC3FCC500FB1924 /* Project object */;
			proxyType = 1;
			remoteGlobalIDString = 8CEC8B401DC3FCC500FB1924;
			remoteInfo = ResCUer;
		};
		BFBEC1351DD6A73D003F67A8 /* PBXContainerItemProxy */ = {
			isa = PBXContainerItemProxy;
			containerPortal = 8CEC8B391DC3FCC500FB1924 /* Project object */;
			proxyType = 1;
			remoteGlobalIDString = BFBEC1291DD6A73D003F67A8;
			remoteInfo = "Rescuer Today Extension";
		};
/* End PBXContainerItemProxy section */

/* Begin PBXCopyFilesBuildPhase section */
		BFBEC13B1DD6A73D003F67A8 /* Embed App Extensions */ = {
			isa = PBXCopyFilesBuildPhase;
			buildActionMask = 2147483647;
			dstPath = "";
			dstSubfolderSpec = 13;
			files = (
				BFBEC1371DD6A73D003F67A8 /* Rescuer Today Extension.appex in Embed App Extensions */,
			);
			name = "Embed App Extensions";
			runOnlyForDeploymentPostprocessing = 0;
		};
/* End PBXCopyFilesBuildPhase section */

/* Begin PBXFileReference section */
		8C0BAF581DF3544F0074BD9E /* MainGuideViewController.swift */ = {isa = PBXFileReference; fileEncoding = 4; lastKnownFileType = sourcecode.swift; path = MainGuideViewController.swift; sourceTree = "<group>"; };
		8C0BAF6A1DF36CD70074BD9E /* CollapsibleTableViewController.swift */ = {isa = PBXFileReference; fileEncoding = 4; lastKnownFileType = sourcecode.swift; path = CollapsibleTableViewController.swift; sourceTree = "<group>"; };
		8C0BAF6C1DF36CF30074BD9E /* CollapsibleTableViewHeader.swift */ = {isa = PBXFileReference; fileEncoding = 4; lastKnownFileType = sourcecode.swift; path = CollapsibleTableViewHeader.swift; sourceTree = "<group>"; };
		8CE339351DFA4F4A0052B052 /* GuideText.swift */ = {isa = PBXFileReference; fileEncoding = 4; lastKnownFileType = sourcecode.swift; path = GuideText.swift; sourceTree = "<group>"; };
		8CEC8B411DC3FCC500FB1924 /* ResCUer.app */ = {isa = PBXFileReference; explicitFileType = wrapper.application; includeInIndex = 0; path = ResCUer.app; sourceTree = BUILT_PRODUCTS_DIR; };
		8CEC8B441DC3FCC500FB1924 /* AppDelegate.swift */ = {isa = PBXFileReference; lastKnownFileType = sourcecode.swift; path = AppDelegate.swift; sourceTree = "<group>"; };
		8CEC8B4B1DC3FCC500FB1924 /* Assets.xcassets */ = {isa = PBXFileReference; lastKnownFileType = folder.assetcatalog; path = Assets.xcassets; sourceTree = "<group>"; };
		8CEC8B4E1DC3FCC500FB1924 /* Base */ = {isa = PBXFileReference; lastKnownFileType = file.storyboard; name = Base; path = Base.lproj/LaunchScreen.storyboard; sourceTree = "<group>"; };
		8CEC8B501DC3FCC500FB1924 /* Info.plist */ = {isa = PBXFileReference; lastKnownFileType = text.plist.xml; path = Info.plist; sourceTree = "<group>"; };
		8CEC8B551DC3FCC500FB1924 /* ResCUerTests.xctest */ = {isa = PBXFileReference; explicitFileType = wrapper.cfbundle; includeInIndex = 0; path = ResCUerTests.xctest; sourceTree = BUILT_PRODUCTS_DIR; };
		8CEC8B591DC3FCC500FB1924 /* ResCUerTests.swift */ = {isa = PBXFileReference; lastKnownFileType = sourcecode.swift; path = ResCUerTests.swift; sourceTree = "<group>"; };
		8CEC8B5B1DC3FCC500FB1924 /* Info.plist */ = {isa = PBXFileReference; lastKnownFileType = text.plist.xml; path = Info.plist; sourceTree = "<group>"; };
		8CEC8B601DC3FCC500FB1924 /* ResCUerUITests.xctest */ = {isa = PBXFileReference; explicitFileType = wrapper.cfbundle; includeInIndex = 0; path = ResCUerUITests.xctest; sourceTree = BUILT_PRODUCTS_DIR; };
		8CEC8B641DC3FCC500FB1924 /* ResCUerUITests.swift */ = {isa = PBXFileReference; lastKnownFileType = sourcecode.swift; path = ResCUerUITests.swift; sourceTree = "<group>"; };
		8CEC8B661DC3FCC500FB1924 /* Info.plist */ = {isa = PBXFileReference; lastKnownFileType = text.plist.xml; path = Info.plist; sourceTree = "<group>"; };
		BF028F831DCC3BAA00361837 /* MainTableViewController.swift */ = {isa = PBXFileReference; fileEncoding = 4; lastKnownFileType = sourcecode.swift; path = MainTableViewController.swift; sourceTree = "<group>"; };
		BF028F851DCC3C3E00361837 /* MainTableViewCell.swift */ = {isa = PBXFileReference; fileEncoding = 4; lastKnownFileType = sourcecode.swift; path = MainTableViewCell.swift; sourceTree = "<group>"; };
		BF591BE81DD60C6E004B5E6B /* SettingsTableViewController.swift */ = {isa = PBXFileReference; fileEncoding = 4; lastKnownFileType = sourcecode.swift; path = SettingsTableViewController.swift; sourceTree = "<group>"; };
		BF591BEC1DD6284B004B5E6B /* EditTableViewCell.swift */ = {isa = PBXFileReference; fileEncoding = 4; lastKnownFileType = sourcecode.swift; path = EditTableViewCell.swift; sourceTree = "<group>"; };
		BF591BEE1DD62D98004B5E6B /* EditTableViewController.swift */ = {isa = PBXFileReference; fileEncoding = 4; lastKnownFileType = sourcecode.swift; path = EditTableViewController.swift; sourceTree = "<group>"; };
		BFBEC1251DD6745C003F67A8 /* ResCUer.entitlements */ = {isa = PBXFileReference; lastKnownFileType = text.plist.entitlements; path = ResCUer.entitlements; sourceTree = "<group>"; };
		BFBEC12A1DD6A73D003F67A8 /* Rescuer Today Extension.appex */ = {isa = PBXFileReference; explicitFileType = "wrapper.app-extension"; includeInIndex = 0; path = "Rescuer Today Extension.appex"; sourceTree = BUILT_PRODUCTS_DIR; };
		BFBEC12C1DD6A73D003F67A8 /* NotificationCenter.framework */ = {isa = PBXFileReference; lastKnownFileType = wrapper.framework; name = NotificationCenter.framework; path = System/Library/Frameworks/NotificationCenter.framework; sourceTree = SDKROOT; };
		BFBEC12F1DD6A73D003F67A8 /* TodayViewController.swift */ = {isa = PBXFileReference; lastKnownFileType = sourcecode.swift; path = TodayViewController.swift; sourceTree = "<group>"; };
		BFBEC1321DD6A73D003F67A8 /* Base */ = {isa = PBXFileReference; lastKnownFileType = file.storyboard; name = Base; path = Base.lproj/MainInterface.storyboard; sourceTree = "<group>"; };
		BFBEC1341DD6A73D003F67A8 /* Info.plist */ = {isa = PBXFileReference; lastKnownFileType = text.plist.xml; path = Info.plist; sourceTree = "<group>"; };
		BFBEC13C1DD6A909003F67A8 /* TodayViewCollectionCell.swift */ = {isa = PBXFileReference; fileEncoding = 4; lastKnownFileType = sourcecode.swift; path = TodayViewCollectionCell.swift; sourceTree = "<group>"; };
		BFBEC13E1DD6C9B4003F67A8 /* Rescuer Today Extension.entitlements */ = {isa = PBXFileReference; lastKnownFileType = text.plist.entitlements; path = "Rescuer Today Extension.entitlements"; sourceTree = "<group>"; };
/* End PBXFileReference section */

/* Begin PBXFrameworksBuildPhase section */
		8CEC8B3E1DC3FCC500FB1924 /* Frameworks */ = {
			isa = PBXFrameworksBuildPhase;
			buildActionMask = 2147483647;
			files = (
			);
			runOnlyForDeploymentPostprocessing = 0;
		};
		8CEC8B521DC3FCC500FB1924 /* Frameworks */ = {
			isa = PBXFrameworksBuildPhase;
			buildActionMask = 2147483647;
			files = (
			);
			runOnlyForDeploymentPostprocessing = 0;
		};
		8CEC8B5D1DC3FCC500FB1924 /* Frameworks */ = {
			isa = PBXFrameworksBuildPhase;
			buildActionMask = 2147483647;
			files = (
			);
			runOnlyForDeploymentPostprocessing = 0;
		};
		BFBEC1271DD6A73D003F67A8 /* Frameworks */ = {
			isa = PBXFrameworksBuildPhase;
			buildActionMask = 2147483647;
			files = (
				BFBEC12D1DD6A73D003F67A8 /* NotificationCenter.framework in Frameworks */,
			);
			runOnlyForDeploymentPostprocessing = 0;
		};
/* End PBXFrameworksBuildPhase section */

/* Begin PBXGroup section */
		8CEC8B381DC3FCC500FB1924 = {
			isa = PBXGroup;
			children = (
				8CEC8B431DC3FCC500FB1924 /* ResCUer */,
				8CEC8B581DC3FCC500FB1924 /* ResCUerTests */,
				8CEC8B631DC3FCC500FB1924 /* ResCUerUITests */,
				BFBEC12E1DD6A73D003F67A8 /* Rescuer Today Extension */,
				BFBEC12B1DD6A73D003F67A8 /* Frameworks */,
				8CEC8B421DC3FCC500FB1924 /* Products */,
			);
			sourceTree = "<group>";
		};
		8CEC8B421DC3FCC500FB1924 /* Products */ = {
			isa = PBXGroup;
			children = (
				8CEC8B411DC3FCC500FB1924 /* ResCUer.app */,
				8CEC8B551DC3FCC500FB1924 /* ResCUerTests.xctest */,
				8CEC8B601DC3FCC500FB1924 /* ResCUerUITests.xctest */,
				BFBEC12A1DD6A73D003F67A8 /* Rescuer Today Extension.appex */,
			);
			name = Products;
			sourceTree = "<group>";
		};
		8CEC8B431DC3FCC500FB1924 /* ResCUer */ = {
			isa = PBXGroup;
			children = (
				BFBEC1251DD6745C003F67A8 /* ResCUer.entitlements */,
				8CEC8B441DC3FCC500FB1924 /* AppDelegate.swift */,
				BF028F831DCC3BAA00361837 /* MainTableViewController.swift */,
				8CE339351DFA4F4A0052B052 /* GuideText.swift */,
				BF028F851DCC3C3E00361837 /* MainTableViewCell.swift */,
				8C0BAF581DF3544F0074BD9E /* MainGuideViewController.swift */,
				8C0BAF6A1DF36CD70074BD9E /* CollapsibleTableViewController.swift */,
				8C0BAF6C1DF36CF30074BD9E /* CollapsibleTableViewHeader.swift */,
				BF591BE81DD60C6E004B5E6B /* SettingsTableViewController.swift */,
				BF591BEE1DD62D98004B5E6B /* EditTableViewController.swift */,
				BF591BEC1DD6284B004B5E6B /* EditTableViewCell.swift */,
				8CEC8B4B1DC3FCC500FB1924 /* Assets.xcassets */,
				8CEC8B4D1DC3FCC500FB1924 /* LaunchScreen.storyboard */,
				8CEC8B501DC3FCC500FB1924 /* Info.plist */,
			);
			path = ResCUer;
			sourceTree = "<group>";
		};
		8CEC8B581DC3FCC500FB1924 /* ResCUerTests */ = {
			isa = PBXGroup;
			children = (
				8CEC8B591DC3FCC500FB1924 /* ResCUerTests.swift */,
				8CEC8B5B1DC3FCC500FB1924 /* Info.plist */,
			);
			path = ResCUerTests;
			sourceTree = "<group>";
		};
		8CEC8B631DC3FCC500FB1924 /* ResCUerUITests */ = {
			isa = PBXGroup;
			children = (
				8CEC8B641DC3FCC500FB1924 /* ResCUerUITests.swift */,
				8CEC8B661DC3FCC500FB1924 /* Info.plist */,
			);
			path = ResCUerUITests;
			sourceTree = "<group>";
		};
		BFBEC12B1DD6A73D003F67A8 /* Frameworks */ = {
			isa = PBXGroup;
			children = (
				BFBEC12C1DD6A73D003F67A8 /* NotificationCenter.framework */,
			);
			name = Frameworks;
			sourceTree = "<group>";
		};
		BFBEC12E1DD6A73D003F67A8 /* Rescuer Today Extension */ = {
			isa = PBXGroup;
			children = (
				BFBEC13E1DD6C9B4003F67A8 /* Rescuer Today Extension.entitlements */,
				BFBEC12F1DD6A73D003F67A8 /* TodayViewController.swift */,
				BFBEC13C1DD6A909003F67A8 /* TodayViewCollectionCell.swift */,
				BFBEC1311DD6A73D003F67A8 /* MainInterface.storyboard */,
				BFBEC1341DD6A73D003F67A8 /* Info.plist */,
			);
			path = "Rescuer Today Extension";
			sourceTree = "<group>";
		};
/* End PBXGroup section */

/* Begin PBXNativeTarget section */
		8CEC8B401DC3FCC500FB1924 /* ResCUer */ = {
			isa = PBXNativeTarget;
			buildConfigurationList = 8CEC8B691DC3FCC500FB1924 /* Build configuration list for PBXNativeTarget "ResCUer" */;
			buildPhases = (
				8CEC8B3D1DC3FCC500FB1924 /* Sources */,
				8CEC8B3E1DC3FCC500FB1924 /* Frameworks */,
				8CEC8B3F1DC3FCC500FB1924 /* Resources */,
				BFBEC13B1DD6A73D003F67A8 /* Embed App Extensions */,
			);
			buildRules = (
			);
			dependencies = (
				BFBEC1361DD6A73D003F67A8 /* PBXTargetDependency */,
			);
			name = ResCUer;
			productName = ResCUer;
			productReference = 8CEC8B411DC3FCC500FB1924 /* ResCUer.app */;
			productType = "com.apple.product-type.application";
		};
		8CEC8B541DC3FCC500FB1924 /* ResCUerTests */ = {
			isa = PBXNativeTarget;
			buildConfigurationList = 8CEC8B6C1DC3FCC500FB1924 /* Build configuration list for PBXNativeTarget "ResCUerTests" */;
			buildPhases = (
				8CEC8B511DC3FCC500FB1924 /* Sources */,
				8CEC8B521DC3FCC500FB1924 /* Frameworks */,
				8CEC8B531DC3FCC500FB1924 /* Resources */,
			);
			buildRules = (
			);
			dependencies = (
				8CEC8B571DC3FCC500FB1924 /* PBXTargetDependency */,
			);
			name = ResCUerTests;
			productName = ResCUerTests;
			productReference = 8CEC8B551DC3FCC500FB1924 /* ResCUerTests.xctest */;
			productType = "com.apple.product-type.bundle.unit-test";
		};
		8CEC8B5F1DC3FCC500FB1924 /* ResCUerUITests */ = {
			isa = PBXNativeTarget;
			buildConfigurationList = 8CEC8B6F1DC3FCC500FB1924 /* Build configuration list for PBXNativeTarget "ResCUerUITests" */;
			buildPhases = (
				8CEC8B5C1DC3FCC500FB1924 /* Sources */,
				8CEC8B5D1DC3FCC500FB1924 /* Frameworks */,
				8CEC8B5E1DC3FCC500FB1924 /* Resources */,
			);
			buildRules = (
			);
			dependencies = (
				8CEC8B621DC3FCC500FB1924 /* PBXTargetDependency */,
			);
			name = ResCUerUITests;
			productName = ResCUerUITests;
			productReference = 8CEC8B601DC3FCC500FB1924 /* ResCUerUITests.xctest */;
			productType = "com.apple.product-type.bundle.ui-testing";
		};
		BFBEC1291DD6A73D003F67A8 /* Rescuer Today Extension */ = {
			isa = PBXNativeTarget;
			buildConfigurationList = BFBEC1381DD6A73D003F67A8 /* Build configuration list for PBXNativeTarget "Rescuer Today Extension" */;
			buildPhases = (
				BFBEC1261DD6A73D003F67A8 /* Sources */,
				BFBEC1271DD6A73D003F67A8 /* Frameworks */,
				BFBEC1281DD6A73D003F67A8 /* Resources */,
			);
			buildRules = (
			);
			dependencies = (
			);
			name = "Rescuer Today Extension";
			productName = "Rescuer Today Extension";
			productReference = BFBEC12A1DD6A73D003F67A8 /* Rescuer Today Extension.appex */;
			productType = "com.apple.product-type.app-extension";
		};
/* End PBXNativeTarget section */

/* Begin PBXProject section */
		8CEC8B391DC3FCC500FB1924 /* Project object */ = {
			isa = PBXProject;
			attributes = {
				LastSwiftUpdateCheck = 0810;
				LastUpgradeCheck = 0810;
				ORGANIZATIONNAME = "Raymone Radi ";
				TargetAttributes = {
					8CEC8B401DC3FCC500FB1924 = {
						CreatedOnToolsVersion = 8.0;
						DevelopmentTeam = MJ5Q5C9SFW;
						ProvisioningStyle = Automatic;
						SystemCapabilities = {
							com.apple.ApplicationGroups.iOS = {
								enabled = 0;
							};
						};
					};
					8CEC8B541DC3FCC500FB1924 = {
						CreatedOnToolsVersion = 8.0;
						DevelopmentTeam = FV2G57GLFW;
						ProvisioningStyle = Automatic;
						TestTargetID = 8CEC8B401DC3FCC500FB1924;
					};
					8CEC8B5F1DC3FCC500FB1924 = {
						CreatedOnToolsVersion = 8.0;
						DevelopmentTeam = FV2G57GLFW;
						ProvisioningStyle = Automatic;
						TestTargetID = 8CEC8B401DC3FCC500FB1924;
					};
					BFBEC1291DD6A73D003F67A8 = {
						CreatedOnToolsVersion = 8.1;
						DevelopmentTeam = MJ5Q5C9SFW;
						ProvisioningStyle = Automatic;
						SystemCapabilities = {
							com.apple.ApplicationGroups.iOS = {
								enabled = 0;
							};
						};
					};
				};
			};
			buildConfigurationList = 8CEC8B3C1DC3FCC500FB1924 /* Build configuration list for PBXProject "ResCUer" */;
			compatibilityVersion = "Xcode 3.2";
			developmentRegion = English;
			hasScannedForEncodings = 0;
			knownRegions = (
				en,
				Base,
			);
			mainGroup = 8CEC8B381DC3FCC500FB1924;
			productRefGroup = 8CEC8B421DC3FCC500FB1924 /* Products */;
			projectDirPath = "";
			projectRoot = "";
			targets = (
				8CEC8B401DC3FCC500FB1924 /* ResCUer */,
				8CEC8B541DC3FCC500FB1924 /* ResCUerTests */,
				8CEC8B5F1DC3FCC500FB1924 /* ResCUerUITests */,
				BFBEC1291DD6A73D003F67A8 /* Rescuer Today Extension */,
			);
		};
/* End PBXProject section */

/* Begin PBXResourcesBuildPhase section */
		8CEC8B3F1DC3FCC500FB1924 /* Resources */ = {
			isa = PBXResourcesBuildPhase;
			buildActionMask = 2147483647;
			files = (
				8CEC8B4F1DC3FCC500FB1924 /* LaunchScreen.storyboard in Resources */,
				8CEC8B4C1DC3FCC500FB1924 /* Assets.xcassets in Resources */,
			);
			runOnlyForDeploymentPostprocessing = 0;
		};
		8CEC8B531DC3FCC500FB1924 /* Resources */ = {
			isa = PBXResourcesBuildPhase;
			buildActionMask = 2147483647;
			files = (
			);
			runOnlyForDeploymentPostprocessing = 0;
		};
		8CEC8B5E1DC3FCC500FB1924 /* Resources */ = {
			isa = PBXResourcesBuildPhase;
			buildActionMask = 2147483647;
			files = (
			);
			runOnlyForDeploymentPostprocessing = 0;
		};
		BFBEC1281DD6A73D003F67A8 /* Resources */ = {
			isa = PBXResourcesBuildPhase;
			buildActionMask = 2147483647;
			files = (
				BFBEC1331DD6A73D003F67A8 /* MainInterface.storyboard in Resources */,
			);
			runOnlyForDeploymentPostprocessing = 0;
		};
/* End PBXResourcesBuildPhase section */

/* Begin PBXSourcesBuildPhase section */
		8CEC8B3D1DC3FCC500FB1924 /* Sources */ = {
			isa = PBXSourcesBuildPhase;
			buildActionMask = 2147483647;
			files = (
				8C0BAF6B1DF36CD70074BD9E /* CollapsibleTableViewController.swift in Sources */,
				8C0BAF6D1DF36CF30074BD9E /* CollapsibleTableViewHeader.swift in Sources */,
				8CEC8B451DC3FCC500FB1924 /* AppDelegate.swift in Sources */,
				8CE339361DFA4F4A0052B052 /* GuideText.swift in Sources */,
				8C0BAF591DF3544F0074BD9E /* MainGuideViewController.swift in Sources */,
				BF028F841DCC3BAA00361837 /* MainTableViewController.swift in Sources */,
				BF028F861DCC3C3E00361837 /* MainTableViewCell.swift in Sources */,
				BF591BEF1DD62D98004B5E6B /* EditTableViewController.swift in Sources */,
				BF591BE91DD60C6E004B5E6B /* SettingsTableViewController.swift in Sources */,
				BF591BED1DD6284B004B5E6B /* EditTableViewCell.swift in Sources */,
			);
			runOnlyForDeploymentPostprocessing = 0;
		};
		8CEC8B511DC3FCC500FB1924 /* Sources */ = {
			isa = PBXSourcesBuildPhase;
			buildActionMask = 2147483647;
			files = (
				8CEC8B5A1DC3FCC500FB1924 /* ResCUerTests.swift in Sources */,
			);
			runOnlyForDeploymentPostprocessing = 0;
		};
		8CEC8B5C1DC3FCC500FB1924 /* Sources */ = {
			isa = PBXSourcesBuildPhase;
			buildActionMask = 2147483647;
			files = (
				8CEC8B651DC3FCC500FB1924 /* ResCUerUITests.swift in Sources */,
			);
			runOnlyForDeploymentPostprocessing = 0;
		};
		BFBEC1261DD6A73D003F67A8 /* Sources */ = {
			isa = PBXSourcesBuildPhase;
			buildActionMask = 2147483647;
			files = (
				BFBEC13D1DD6A909003F67A8 /* TodayViewCollectionCell.swift in Sources */,
				BFBEC1301DD6A73D003F67A8 /* TodayViewController.swift in Sources */,
			);
			runOnlyForDeploymentPostprocessing = 0;
		};
/* End PBXSourcesBuildPhase section */

/* Begin PBXTargetDependency section */
		8CEC8B571DC3FCC500FB1924 /* PBXTargetDependency */ = {
			isa = PBXTargetDependency;
			target = 8CEC8B401DC3FCC500FB1924 /* ResCUer */;
			targetProxy = 8CEC8B561DC3FCC500FB1924 /* PBXContainerItemProxy */;
		};
		8CEC8B621DC3FCC500FB1924 /* PBXTargetDependency */ = {
			isa = PBXTargetDependency;
			target = 8CEC8B401DC3FCC500FB1924 /* ResCUer */;
			targetProxy = 8CEC8B611DC3FCC500FB1924 /* PBXContainerItemProxy */;
		};
		BFBEC1361DD6A73D003F67A8 /* PBXTargetDependency */ = {
			isa = PBXTargetDependency;
			target = BFBEC1291DD6A73D003F67A8 /* Rescuer Today Extension */;
			targetProxy = BFBEC1351DD6A73D003F67A8 /* PBXContainerItemProxy */;
		};
/* End PBXTargetDependency section */

/* Begin PBXVariantGroup section */
		8CEC8B4D1DC3FCC500FB1924 /* LaunchScreen.storyboard */ = {
			isa = PBXVariantGroup;
			children = (
				8CEC8B4E1DC3FCC500FB1924 /* Base */,
			);
			name = LaunchScreen.storyboard;
			sourceTree = "<group>";
		};
		BFBEC1311DD6A73D003F67A8 /* MainInterface.storyboard */ = {
			isa = PBXVariantGroup;
			children = (
				BFBEC1321DD6A73D003F67A8 /* Base */,
			);
			name = MainInterface.storyboard;
			sourceTree = "<group>";
		};
/* End PBXVariantGroup section */

/* Begin XCBuildConfiguration section */
		8CEC8B671DC3FCC500FB1924 /* Debug */ = {
			isa = XCBuildConfiguration;
			buildSettings = {
				ALWAYS_SEARCH_USER_PATHS = NO;
				CLANG_ANALYZER_NONNULL = YES;
				CLANG_CXX_LANGUAGE_STANDARD = "gnu++0x";
				CLANG_CXX_LIBRARY = "libc++";
				CLANG_ENABLE_MODULES = YES;
				CLANG_ENABLE_OBJC_ARC = YES;
				CLANG_WARN_BOOL_CONVERSION = YES;
				CLANG_WARN_CONSTANT_CONVERSION = YES;
				CLANG_WARN_DIRECT_OBJC_ISA_USAGE = YES_ERROR;
				CLANG_WARN_DOCUMENTATION_COMMENTS = YES;
				CLANG_WARN_EMPTY_BODY = YES;
				CLANG_WARN_ENUM_CONVERSION = YES;
				CLANG_WARN_INFINITE_RECURSION = YES;
				CLANG_WARN_INT_CONVERSION = YES;
				CLANG_WARN_OBJC_ROOT_CLASS = YES_ERROR;
				CLANG_WARN_SUSPICIOUS_MOVE = YES;
				CLANG_WARN_SUSPICIOUS_MOVES = YES;
				CLANG_WARN_UNREACHABLE_CODE = YES;
				CLANG_WARN__DUPLICATE_METHOD_MATCH = YES;
				CODE_SIGN_IDENTITY = "iPhone Developer";
				"CODE_SIGN_IDENTITY[sdk=iphoneos*]" = "iPhone Developer";
				COPY_PHASE_STRIP = NO;
				DEBUG_INFORMATION_FORMAT = dwarf;
				ENABLE_STRICT_OBJC_MSGSEND = YES;
				ENABLE_TESTABILITY = YES;
				GCC_C_LANGUAGE_STANDARD = gnu99;
				GCC_DYNAMIC_NO_PIC = NO;
				GCC_NO_COMMON_BLOCKS = YES;
				GCC_OPTIMIZATION_LEVEL = 0;
				GCC_PREPROCESSOR_DEFINITIONS = (
					"DEBUG=1",
					"$(inherited)",
				);
				GCC_WARN_64_TO_32_BIT_CONVERSION = YES;
				GCC_WARN_ABOUT_RETURN_TYPE = YES_ERROR;
				GCC_WARN_UNDECLARED_SELECTOR = YES;
				GCC_WARN_UNINITIALIZED_AUTOS = YES_AGGRESSIVE;
				GCC_WARN_UNUSED_FUNCTION = YES;
				GCC_WARN_UNUSED_VARIABLE = YES;
				IPHONEOS_DEPLOYMENT_TARGET = 10.0;
				MTL_ENABLE_DEBUG_INFO = YES;
				ONLY_ACTIVE_ARCH = YES;
				SDKROOT = iphoneos;
				SWIFT_ACTIVE_COMPILATION_CONDITIONS = DEBUG;
				SWIFT_OPTIMIZATION_LEVEL = "-Onone";
			};
			name = Debug;
		};
		8CEC8B681DC3FCC500FB1924 /* Release */ = {
			isa = XCBuildConfiguration;
			buildSettings = {
				ALWAYS_SEARCH_USER_PATHS = NO;
				CLANG_ANALYZER_NONNULL = YES;
				CLANG_CXX_LANGUAGE_STANDARD = "gnu++0x";
				CLANG_CXX_LIBRARY = "libc++";
				CLANG_ENABLE_MODULES = YES;
				CLANG_ENABLE_OBJC_ARC = YES;
				CLANG_WARN_BOOL_CONVERSION = YES;
				CLANG_WARN_CONSTANT_CONVERSION = YES;
				CLANG_WARN_DIRECT_OBJC_ISA_USAGE = YES_ERROR;
				CLANG_WARN_DOCUMENTATION_COMMENTS = YES;
				CLANG_WARN_EMPTY_BODY = YES;
				CLANG_WARN_ENUM_CONVERSION = YES;
				CLANG_WARN_INFINITE_RECURSION = YES;
				CLANG_WARN_INT_CONVERSION = YES;
				CLANG_WARN_OBJC_ROOT_CLASS = YES_ERROR;
				CLANG_WARN_SUSPICIOUS_MOVE = YES;
				CLANG_WARN_SUSPICIOUS_MOVES = YES;
				CLANG_WARN_UNREACHABLE_CODE = YES;
				CLANG_WARN__DUPLICATE_METHOD_MATCH = YES;
				CODE_SIGN_IDENTITY = "iPhone Developer";
				"CODE_SIGN_IDENTITY[sdk=iphoneos*]" = "iPhone Developer";
				COPY_PHASE_STRIP = NO;
				DEBUG_INFORMATION_FORMAT = "dwarf-with-dsym";
				ENABLE_NS_ASSERTIONS = NO;
				ENABLE_STRICT_OBJC_MSGSEND = YES;
				GCC_C_LANGUAGE_STANDARD = gnu99;
				GCC_NO_COMMON_BLOCKS = YES;
				GCC_WARN_64_TO_32_BIT_CONVERSION = YES;
				GCC_WARN_ABOUT_RETURN_TYPE = YES_ERROR;
				GCC_WARN_UNDECLARED_SELECTOR = YES;
				GCC_WARN_UNINITIALIZED_AUTOS = YES_AGGRESSIVE;
				GCC_WARN_UNUSED_FUNCTION = YES;
				GCC_WARN_UNUSED_VARIABLE = YES;
				IPHONEOS_DEPLOYMENT_TARGET = 10.0;
				MTL_ENABLE_DEBUG_INFO = NO;
				SDKROOT = iphoneos;
				SWIFT_OPTIMIZATION_LEVEL = "-Owholemodule";
				VALIDATE_PRODUCT = YES;
			};
			name = Release;
		};
		8CEC8B6A1DC3FCC500FB1924 /* Debug */ = {
			isa = XCBuildConfiguration;
			buildSettings = {
				ALWAYS_EMBED_SWIFT_STANDARD_LIBRARIES = YES;
				ASSETCATALOG_COMPILER_APPICON_NAME = AppIcon;
				CODE_SIGN_IDENTITY = "iPhone Developer";
				"CODE_SIGN_IDENTITY[sdk=iphoneos*]" = "iPhone Developer";
				DEVELOPMENT_TEAM = MJ5Q5C9SFW;
				INFOPLIST_FILE = ResCUer/Info.plist;
				IPHONEOS_DEPLOYMENT_TARGET = 10.1;
				LD_RUNPATH_SEARCH_PATHS = "$(inherited) @executable_path/Frameworks";
				PRODUCT_BUNDLE_IDENTIFIER = com.rsr.Rescuer;
				PRODUCT_NAME = "$(TARGET_NAME)";
				SWIFT_VERSION = 3.0;
			};
			name = Debug;
		};
		8CEC8B6B1DC3FCC500FB1924 /* Release */ = {
			isa = XCBuildConfiguration;
			buildSettings = {
				ALWAYS_EMBED_SWIFT_STANDARD_LIBRARIES = YES;
				ASSETCATALOG_COMPILER_APPICON_NAME = AppIcon;
				CODE_SIGN_IDENTITY = "iPhone Developer";
				"CODE_SIGN_IDENTITY[sdk=iphoneos*]" = "iPhone Developer";
				DEVELOPMENT_TEAM = MJ5Q5C9SFW;
				INFOPLIST_FILE = ResCUer/Info.plist;
				IPHONEOS_DEPLOYMENT_TARGET = 10.1;
				LD_RUNPATH_SEARCH_PATHS = "$(inherited) @executable_path/Frameworks";
				PRODUCT_BUNDLE_IDENTIFIER = com.rsr.Rescuer;
				PRODUCT_NAME = "$(TARGET_NAME)";
				SWIFT_VERSION = 3.0;
			};
			name = Release;
		};
		8CEC8B6D1DC3FCC500FB1924 /* Debug */ = {
			isa = XCBuildConfiguration;
			buildSettings = {
				ALWAYS_EMBED_SWIFT_STANDARD_LIBRARIES = YES;
				BUNDLE_LOADER = "$(TEST_HOST)";
				"CODE_SIGN_IDENTITY[sdk=iphoneos*]" = "iPhone Developer";
				DEVELOPMENT_TEAM = FV2G57GLFW;
				INFOPLIST_FILE = ResCUerTests/Info.plist;
				LD_RUNPATH_SEARCH_PATHS = "$(inherited) @executable_path/Frameworks @loader_path/Frameworks";
				PRODUCT_BUNDLE_IDENTIFIER = com.rsr242.RaymoneRadi.ResCUerTests;
				PRODUCT_NAME = "$(TARGET_NAME)";
				SWIFT_VERSION = 3.0;
				TEST_HOST = "$(BUILT_PRODUCTS_DIR)/ResCUer.app/ResCUer";
			};
			name = Debug;
		};
		8CEC8B6E1DC3FCC500FB1924 /* Release */ = {
			isa = XCBuildConfiguration;
			buildSettings = {
				ALWAYS_EMBED_SWIFT_STANDARD_LIBRARIES = YES;
				BUNDLE_LOADER = "$(TEST_HOST)";
				"CODE_SIGN_IDENTITY[sdk=iphoneos*]" = "iPhone Developer";
				DEVELOPMENT_TEAM = FV2G57GLFW;
				INFOPLIST_FILE = ResCUerTests/Info.plist;
				LD_RUNPATH_SEARCH_PATHS = "$(inherited) @executable_path/Frameworks @loader_path/Frameworks";
				PRODUCT_BUNDLE_IDENTIFIER = com.rsr242.RaymoneRadi.ResCUerTests;
				PRODUCT_NAME = "$(TARGET_NAME)";
				SWIFT_VERSION = 3.0;
				TEST_HOST = "$(BUILT_PRODUCTS_DIR)/ResCUer.app/ResCUer";
			};
			name = Release;
		};
		8CEC8B701DC3FCC500FB1924 /* Debug */ = {
			isa = XCBuildConfiguration;
			buildSettings = {
				ALWAYS_EMBED_SWIFT_STANDARD_LIBRARIES = YES;
				"CODE_SIGN_IDENTITY[sdk=iphoneos*]" = "iPhone Developer";
				DEVELOPMENT_TEAM = FV2G57GLFW;
				INFOPLIST_FILE = ResCUerUITests/Info.plist;
				LD_RUNPATH_SEARCH_PATHS = "$(inherited) @executable_path/Frameworks @loader_path/Frameworks";
				PRODUCT_BUNDLE_IDENTIFIER = com.rsr242.RaymoneRadi.ResCUerUITests;
				PRODUCT_NAME = "$(TARGET_NAME)";
				SWIFT_VERSION = 3.0;
				TEST_TARGET_NAME = ResCUer;
			};
			name = Debug;
		};
		8CEC8B711DC3FCC500FB1924 /* Release */ = {
			isa = XCBuildConfiguration;
			buildSettings = {
				ALWAYS_EMBED_SWIFT_STANDARD_LIBRARIES = YES;
				"CODE_SIGN_IDENTITY[sdk=iphoneos*]" = "iPhone Developer";
				DEVELOPMENT_TEAM = FV2G57GLFW;
				INFOPLIST_FILE = ResCUerUITests/Info.plist;
				LD_RUNPATH_SEARCH_PATHS = "$(inherited) @executable_path/Frameworks @loader_path/Frameworks";
				PRODUCT_BUNDLE_IDENTIFIER = com.rsr242.RaymoneRadi.ResCUerUITests;
				PRODUCT_NAME = "$(TARGET_NAME)";
				SWIFT_VERSION = 3.0;
				TEST_TARGET_NAME = ResCUer;
			};
			name = Release;
		};
		BFBEC1391DD6A73D003F67A8 /* Debug */ = {
			isa = XCBuildConfiguration;
			buildSettings = {
				CODE_SIGN_IDENTITY = "iPhone Developer";
				"CODE_SIGN_IDENTITY[sdk=iphoneos*]" = "iPhone Developer";
				DEVELOPMENT_TEAM = MJ5Q5C9SFW;
				INFOPLIST_FILE = "Rescuer Today Extension/Info.plist";
				IPHONEOS_DEPLOYMENT_TARGET = 10.1;
				LD_RUNPATH_SEARCH_PATHS = "$(inherited) @executable_path/Frameworks @executable_path/../../Frameworks";
				PRODUCT_BUNDLE_IDENTIFIER = com.rsr.Rescuer.extension;
				PRODUCT_NAME = "$(TARGET_NAME)";
				SKIP_INSTALL = YES;
				SWIFT_VERSION = 3.0;
			};
			name = Debug;
		};
		BFBEC13A1DD6A73D003F67A8 /* Release */ = {
			isa = XCBuildConfiguration;
			buildSettings = {
				CODE_SIGN_IDENTITY = "iPhone Developer";
				"CODE_SIGN_IDENTITY[sdk=iphoneos*]" = "iPhone Developer";
				DEVELOPMENT_TEAM = MJ5Q5C9SFW;
				INFOPLIST_FILE = "Rescuer Today Extension/Info.plist";
				IPHONEOS_DEPLOYMENT_TARGET = 10.1;
				LD_RUNPATH_SEARCH_PATHS = "$(inherited) @executable_path/Frameworks @executable_path/../../Frameworks";
				PRODUCT_BUNDLE_IDENTIFIER = com.rsr.Rescuer.extension;
				PRODUCT_NAME = "$(TARGET_NAME)";
				SKIP_INSTALL = YES;
				SWIFT_VERSION = 3.0;
			};
			name = Release;
		};
/* End XCBuildConfiguration section */

/* Begin XCConfigurationList section */
		8CEC8B3C1DC3FCC500FB1924 /* Build configuration list for PBXProject "ResCUer" */ = {
			isa = XCConfigurationList;
			buildConfigurations = (
				8CEC8B671DC3FCC500FB1924 /* Debug */,
				8CEC8B681DC3FCC500FB1924 /* Release */,
			);
			defaultConfigurationIsVisible = 0;
			defaultConfigurationName = Release;
		};
		8CEC8B691DC3FCC500FB1924 /* Build configuration list for PBXNativeTarget "ResCUer" */ = {
			isa = XCConfigurationList;
			buildConfigurations = (
				8CEC8B6A1DC3FCC500FB1924 /* Debug */,
				8CEC8B6B1DC3FCC500FB1924 /* Release */,
			);
			defaultConfigurationIsVisible = 0;
			defaultConfigurationName = Release;
		};
		8CEC8B6C1DC3FCC500FB1924 /* Build configuration list for PBXNativeTarget "ResCUerTests" */ = {
			isa = XCConfigurationList;
			buildConfigurations = (
				8CEC8B6D1DC3FCC500FB1924 /* Debug */,
				8CEC8B6E1DC3FCC500FB1924 /* Release */,
			);
			defaultConfigurationIsVisible = 0;
			defaultConfigurationName = Release;
		};
		8CEC8B6F1DC3FCC500FB1924 /* Build configuration list for PBXNativeTarget "ResCUerUITests" */ = {
			isa = XCConfigurationList;
			buildConfigurations = (
				8CEC8B701DC3FCC500FB1924 /* Debug */,
				8CEC8B711DC3FCC500FB1924 /* Release */,
			);
			defaultConfigurationIsVisible = 0;
			defaultConfigurationName = Release;
		};
		BFBEC1381DD6A73D003F67A8 /* Build configuration list for PBXNativeTarget "Rescuer Today Extension" */ = {
			isa = XCConfigurationList;
			buildConfigurations = (
				BFBEC1391DD6A73D003F67A8 /* Debug */,
				BFBEC13A1DD6A73D003F67A8 /* Release */,
			);
			defaultConfigurationIsVisible = 0;
			defaultConfigurationName = Release;
		};
/* End XCConfigurationList section */
	};
	rootObject = 8CEC8B391DC3FCC500FB1924 /* Project object */;
}
